// !$*UTF8*$!
{
	archiveVersion = 1;
	classes = {
	};
	objectVersion = 50;
	objects = {

/* Begin PBXBuildFile section */
		80BBEF5A21528CF50075528C /* SSHKeychain.swift in Sources */ = {isa = PBXBuildFile; fileRef = 80BBEF5921528CF50075528C /* SSHKeychain.swift */; };
		80BBEF5C2153CC980075528C /* String+ParseKeyPath.swift in Sources */ = {isa = PBXBuildFile; fileRef = 80BBEF5B2153CC980075528C /* String+ParseKeyPath.swift */; };
		80BBEF60215642E00075528C /* main.swift in Sources */ = {isa = PBXBuildFile; fileRef = 80BBEF5F215642E00075528C /* main.swift */; };
		80CD09EC20D2A7410091E6DC /* AppDelegate.swift in Sources */ = {isa = PBXBuildFile; fileRef = 80CD09EB20D2A7410091E6DC /* AppDelegate.swift */; };
		80CD09EE20D2A7410091E6DC /* ViewController.swift in Sources */ = {isa = PBXBuildFile; fileRef = 80CD09ED20D2A7410091E6DC /* ViewController.swift */; };
		80CD09F020D2A7410091E6DC /* Assets.xcassets in Resources */ = {isa = PBXBuildFile; fileRef = 80CD09EF20D2A7410091E6DC /* Assets.xcassets */; };
		80CD09F320D2A7410091E6DC /* Main.storyboard in Resources */ = {isa = PBXBuildFile; fileRef = 80CD09F120D2A7410091E6DC /* Main.storyboard */; };
		A159339D276F4F25004B0BEC /* SSHAskpass.swift in Sources */ = {isa = PBXBuildFile; fileRef = A159339C276F4F25004B0BEC /* SSHAskpass.swift */; };
/* End PBXBuildFile section */

/* Begin PBXFileReference section */
		80BBEF5921528CF50075528C /* SSHKeychain.swift */ = {isa = PBXFileReference; lastKnownFileType = sourcecode.swift; path = SSHKeychain.swift; sourceTree = "<group>"; };
		80BBEF5B2153CC980075528C /* String+ParseKeyPath.swift */ = {isa = PBXFileReference; lastKnownFileType = sourcecode.swift; path = "String+ParseKeyPath.swift"; sourceTree = "<group>"; };
		80BBEF5F215642E00075528C /* main.swift */ = {isa = PBXFileReference; lastKnownFileType = sourcecode.swift; path = main.swift; sourceTree = "<group>"; };
		80CD09E820D2A7410091E6DC /* ssh-askpass.app */ = {isa = PBXFileReference; explicitFileType = wrapper.application; includeInIndex = 0; path = "ssh-askpass.app"; sourceTree = BUILT_PRODUCTS_DIR; };
		80CD09EB20D2A7410091E6DC /* AppDelegate.swift */ = {isa = PBXFileReference; lastKnownFileType = sourcecode.swift; path = AppDelegate.swift; sourceTree = "<group>"; };
		80CD09ED20D2A7410091E6DC /* ViewController.swift */ = {isa = PBXFileReference; lastKnownFileType = sourcecode.swift; path = ViewController.swift; sourceTree = "<group>"; };
		80CD09EF20D2A7410091E6DC /* Assets.xcassets */ = {isa = PBXFileReference; lastKnownFileType = folder.assetcatalog; path = Assets.xcassets; sourceTree = "<group>"; };
		80CD09F220D2A7410091E6DC /* Base */ = {isa = PBXFileReference; lastKnownFileType = file.storyboard; name = Base; path = Base.lproj/Main.storyboard; sourceTree = "<group>"; };
		80CD09F420D2A7410091E6DC /* Info.plist */ = {isa = PBXFileReference; lastKnownFileType = text.plist.xml; path = Info.plist; sourceTree = "<group>"; };
		80CD09F520D2A7410091E6DC /* ssh_askpass.entitlements */ = {isa = PBXFileReference; lastKnownFileType = text.plist.entitlements; path = ssh_askpass.entitlements; sourceTree = "<group>"; };
		A159339C276F4F25004B0BEC /* SSHAskpass.swift */ = {isa = PBXFileReference; lastKnownFileType = sourcecode.swift; path = SSHAskpass.swift; sourceTree = "<group>"; };
/* End PBXFileReference section */

/* Begin PBXFrameworksBuildPhase section */
		80CD09E520D2A7410091E6DC /* Frameworks */ = {
			isa = PBXFrameworksBuildPhase;
			buildActionMask = 2147483647;
			files = (
			);
			runOnlyForDeploymentPostprocessing = 0;
		};
/* End PBXFrameworksBuildPhase section */

/* Begin PBXGroup section */
		80CD09DF20D2A7400091E6DC = {
			isa = PBXGroup;
			children = (
				80CD09EA20D2A7410091E6DC /* ssh-askpass */,
				80CD09E920D2A7410091E6DC /* Products */,
			);
			sourceTree = "<group>";
		};
		80CD09E920D2A7410091E6DC /* Products */ = {
			isa = PBXGroup;
			children = (
				80CD09E820D2A7410091E6DC /* ssh-askpass.app */,
			);
			name = Products;
			sourceTree = "<group>";
		};
		80CD09EA20D2A7410091E6DC /* ssh-askpass */ = {
			isa = PBXGroup;
			children = (
				80CD09EB20D2A7410091E6DC /* AppDelegate.swift */,
				80CD09ED20D2A7410091E6DC /* ViewController.swift */,
				80CD09EF20D2A7410091E6DC /* Assets.xcassets */,
				80CD09F120D2A7410091E6DC /* Main.storyboard */,
				80CD09F420D2A7410091E6DC /* Info.plist */,
				80CD09F520D2A7410091E6DC /* ssh_askpass.entitlements */,
				80BBEF5921528CF50075528C /* SSHKeychain.swift */,
				A159339C276F4F25004B0BEC /* SSHAskpass.swift */,
				80BBEF5B2153CC980075528C /* String+ParseKeyPath.swift */,
				80BBEF5F215642E00075528C /* main.swift */,
			);
			path = "ssh-askpass";
			sourceTree = "<group>";
		};
/* End PBXGroup section */

/* Begin PBXNativeTarget section */
		80CD09E720D2A7410091E6DC /* ssh-askpass */ = {
			isa = PBXNativeTarget;
			buildConfigurationList = 80CD09F820D2A7410091E6DC /* Build configuration list for PBXNativeTarget "ssh-askpass" */;
			buildPhases = (
				80CD09E420D2A7410091E6DC /* Sources */,
				80CD09E520D2A7410091E6DC /* Frameworks */,
				80CD09E620D2A7410091E6DC /* Resources */,
			);
			buildRules = (
			);
			dependencies = (
			);
			name = "ssh-askpass";
			productName = "ssh-askpass";
			productReference = 80CD09E820D2A7410091E6DC /* ssh-askpass.app */;
			productType = "com.apple.product-type.application";
		};
/* End PBXNativeTarget section */

/* Begin PBXProject section */
		80CD09E020D2A7400091E6DC /* Project object */ = {
			isa = PBXProject;
			attributes = {
				LastSwiftUpdateCheck = 0940;
				LastUpgradeCheck = 0940;
				ORGANIZATIONNAME = "Lukas Zronek";
				TargetAttributes = {
					80CD09E720D2A7410091E6DC = {
						CreatedOnToolsVersion = 9.4.1;
						LastSwiftMigration = 1020;
					};
				};
			};
			buildConfigurationList = 80CD09E320D2A7400091E6DC /* Build configuration list for PBXProject "ssh-askpass" */;
			compatibilityVersion = "Xcode 9.3";
			developmentRegion = en;
			hasScannedForEncodings = 0;
			knownRegions = (
				en,
				Base,
			);
			mainGroup = 80CD09DF20D2A7400091E6DC;
			productRefGroup = 80CD09E920D2A7410091E6DC /* Products */;
			projectDirPath = "";
			projectRoot = "";
			targets = (
				80CD09E720D2A7410091E6DC /* ssh-askpass */,
			);
		};
/* End PBXProject section */

/* Begin PBXResourcesBuildPhase section */
		80CD09E620D2A7410091E6DC /* Resources */ = {
			isa = PBXResourcesBuildPhase;
			buildActionMask = 2147483647;
			files = (
				80CD09F020D2A7410091E6DC /* Assets.xcassets in Resources */,
				80CD09F320D2A7410091E6DC /* Main.storyboard in Resources */,
			);
			runOnlyForDeploymentPostprocessing = 0;
		};
/* End PBXResourcesBuildPhase section */

/* Begin PBXSourcesBuildPhase section */
		80CD09E420D2A7410091E6DC /* Sources */ = {
			isa = PBXSourcesBuildPhase;
			buildActionMask = 2147483647;
			files = (
				80CD09EE20D2A7410091E6DC /* ViewController.swift in Sources */,
				80BBEF60215642E00075528C /* main.swift in Sources */,
				80CD09EC20D2A7410091E6DC /* AppDelegate.swift in Sources */,
				A159339D276F4F25004B0BEC /* SSHAskpass.swift in Sources */,
				80BBEF5C2153CC980075528C /* String+ParseKeyPath.swift in Sources */,
				80BBEF5A21528CF50075528C /* SSHKeychain.swift in Sources */,
			);
			runOnlyForDeploymentPostprocessing = 0;
		};
/* End PBXSourcesBuildPhase section */

/* Begin PBXVariantGroup section */
		80CD09F120D2A7410091E6DC /* Main.storyboard */ = {
			isa = PBXVariantGroup;
			children = (
				80CD09F220D2A7410091E6DC /* Base */,
			);
			name = Main.storyboard;
			sourceTree = "<group>";
		};
/* End PBXVariantGroup section */

/* Begin XCBuildConfiguration section */
		80CD09F620D2A7410091E6DC /* Debug */ = {
			isa = XCBuildConfiguration;
			buildSettings = {
				ALWAYS_SEARCH_USER_PATHS = NO;
				CLANG_ANALYZER_NONNULL = YES;
				CLANG_ANALYZER_NUMBER_OBJECT_CONVERSION = YES_AGGRESSIVE;
				CLANG_CXX_LANGUAGE_STANDARD = "gnu++14";
				CLANG_CXX_LIBRARY = "libc++";
				CLANG_ENABLE_MODULES = YES;
				CLANG_ENABLE_OBJC_ARC = YES;
				CLANG_ENABLE_OBJC_WEAK = YES;
				CLANG_WARN_BLOCK_CAPTURE_AUTORELEASING = YES;
				CLANG_WARN_BOOL_CONVERSION = YES;
				CLANG_WARN_COMMA = YES;
				CLANG_WARN_CONSTANT_CONVERSION = YES;
				CLANG_WARN_DEPRECATED_OBJC_IMPLEMENTATIONS = YES;
				CLANG_WARN_DIRECT_OBJC_ISA_USAGE = YES_ERROR;
				CLANG_WARN_DOCUMENTATION_COMMENTS = YES;
				CLANG_WARN_EMPTY_BODY = YES;
				CLANG_WARN_ENUM_CONVERSION = YES;
				CLANG_WARN_INFINITE_RECURSION = YES;
				CLANG_WARN_INT_CONVERSION = YES;
				CLANG_WARN_NON_LITERAL_NULL_CONVERSION = YES;
				CLANG_WARN_OBJC_IMPLICIT_RETAIN_SELF = YES;
				CLANG_WARN_OBJC_LITERAL_CONVERSION = YES;
				CLANG_WARN_OBJC_ROOT_CLASS = YES_ERROR;
				CLANG_WARN_RANGE_LOOP_ANALYSIS = YES;
				CLANG_WARN_STRICT_PROTOTYPES = YES;
				CLANG_WARN_SUSPICIOUS_MOVE = YES;
				CLANG_WARN_UNGUARDED_AVAILABILITY = YES_AGGRESSIVE;
				CLANG_WARN_UNREACHABLE_CODE = YES;
				CLANG_WARN__DUPLICATE_METHOD_MATCH = YES;
				CODE_SIGN_IDENTITY = "-";
				COPY_PHASE_STRIP = NO;
				DEBUG_INFORMATION_FORMAT = dwarf;
				ENABLE_STRICT_OBJC_MSGSEND = YES;
				ENABLE_TESTABILITY = YES;
				GCC_C_LANGUAGE_STANDARD = gnu11;
				GCC_DYNAMIC_NO_PIC = NO;
				GCC_NO_COMMON_BLOCKS = YES;
				GCC_OPTIMIZATION_LEVEL = 0;
				GCC_PREPROCESSOR_DEFINITIONS = (
					"DEBUG=1",
					"$(inherited)",
				);
				GCC_WARN_64_TO_32_BIT_CONVERSION = YES;
				GCC_WARN_ABOUT_RETURN_TYPE = YES_ERROR;
				GCC_WARN_UNDECLARED_SELECTOR = YES;
				GCC_WARN_UNINITIALIZED_AUTOS = YES_AGGRESSIVE;
				GCC_WARN_UNUSED_FUNCTION = YES;
				GCC_WARN_UNUSED_VARIABLE = YES;
				MACOSX_DEPLOYMENT_TARGET = 10.11;
				MTL_ENABLE_DEBUG_INFO = YES;
				ONLY_ACTIVE_ARCH = YES;
				SDKROOT = macosx;
				SWIFT_ACTIVE_COMPILATION_CONDITIONS = DEBUG;
				SWIFT_OPTIMIZATION_LEVEL = "-Onone";
			};
			name = Debug;
		};
		80CD09F720D2A7410091E6DC /* Release */ = {
			isa = XCBuildConfiguration;
			buildSettings = {
				ALWAYS_SEARCH_USER_PATHS = NO;
				CLANG_ANALYZER_NONNULL = YES;
				CLANG_ANALYZER_NUMBER_OBJECT_CONVERSION = YES_AGGRESSIVE;
				CLANG_CXX_LANGUAGE_STANDARD = "gnu++14";
				CLANG_CXX_LIBRARY = "libc++";
				CLANG_ENABLE_MODULES = YES;
				CLANG_ENABLE_OBJC_ARC = YES;
				CLANG_ENABLE_OBJC_WEAK = YES;
				CLANG_WARN_BLOCK_CAPTURE_AUTORELEASING = YES;
				CLANG_WARN_BOOL_CONVERSION = YES;
				CLANG_WARN_COMMA = YES;
				CLANG_WARN_CONSTANT_CONVERSION = YES;
				CLANG_WARN_DEPRECATED_OBJC_IMPLEMENTATIONS = YES;
				CLANG_WARN_DIRECT_OBJC_ISA_USAGE = YES_ERROR;
				CLANG_WARN_DOCUMENTATION_COMMENTS = YES;
				CLANG_WARN_EMPTY_BODY = YES;
				CLANG_WARN_ENUM_CONVERSION = YES;
				CLANG_WARN_INFINITE_RECURSION = YES;
				CLANG_WARN_INT_CONVERSION = YES;
				CLANG_WARN_NON_LITERAL_NULL_CONVERSION = YES;
				CLANG_WARN_OBJC_IMPLICIT_RETAIN_SELF = YES;
				CLANG_WARN_OBJC_LITERAL_CONVERSION = YES;
				CLANG_WARN_OBJC_ROOT_CLASS = YES_ERROR;
				CLANG_WARN_RANGE_LOOP_ANALYSIS = YES;
				CLANG_WARN_STRICT_PROTOTYPES = YES;
				CLANG_WARN_SUSPICIOUS_MOVE = YES;
				CLANG_WARN_UNGUARDED_AVAILABILITY = YES_AGGRESSIVE;
				CLANG_WARN_UNREACHABLE_CODE = YES;
				CLANG_WARN__DUPLICATE_METHOD_MATCH = YES;
				CODE_SIGN_IDENTITY = "-";
				COPY_PHASE_STRIP = NO;
				DEBUG_INFORMATION_FORMAT = "dwarf-with-dsym";
				ENABLE_NS_ASSERTIONS = NO;
				ENABLE_STRICT_OBJC_MSGSEND = YES;
				GCC_C_LANGUAGE_STANDARD = gnu11;
				GCC_NO_COMMON_BLOCKS = YES;
				GCC_WARN_64_TO_32_BIT_CONVERSION = YES;
				GCC_WARN_ABOUT_RETURN_TYPE = YES_ERROR;
				GCC_WARN_UNDECLARED_SELECTOR = YES;
				GCC_WARN_UNINITIALIZED_AUTOS = YES_AGGRESSIVE;
				GCC_WARN_UNUSED_FUNCTION = YES;
				GCC_WARN_UNUSED_VARIABLE = YES;
				MACOSX_DEPLOYMENT_TARGET = 10.11;
				MTL_ENABLE_DEBUG_INFO = NO;
				SDKROOT = macosx;
				SWIFT_COMPILATION_MODE = wholemodule;
				SWIFT_OPTIMIZATION_LEVEL = "-O";
			};
			name = Release;
		};
		80CD09F920D2A7410091E6DC /* Debug */ = {
			isa = XCBuildConfiguration;
			buildSettings = {
				ASSETCATALOG_COMPILER_APPICON_NAME = AppIcon;
				CODE_SIGN_ENTITLEMENTS = "ssh-askpass/ssh_askpass.entitlements";
				CODE_SIGN_STYLE = Automatic;
				COMBINE_HIDPI_IMAGES = YES;
				INFOPLIST_FILE = "ssh-askpass/Info.plist";
				LD_RUNPATH_SEARCH_PATHS = (
					"$(inherited)",
					"@executable_path/../Frameworks",
				);
				MACOSX_DEPLOYMENT_TARGET = 10.11;
				MARKETING_VERSION = 2.0;
				PRODUCT_BUNDLE_IDENTIFIER = "at.zronek.lukas.ssh-askpass";
				PRODUCT_NAME = "$(TARGET_NAME)";
				SWIFT_VERSION = 5.0;
			};
			name = Debug;
		};
		80CD09FA20D2A7410091E6DC /* Release */ = {
			isa = XCBuildConfiguration;
			buildSettings = {
				ASSETCATALOG_COMPILER_APPICON_NAME = AppIcon;
				CODE_SIGN_ENTITLEMENTS = "ssh-askpass/ssh_askpass.entitlements";
				CODE_SIGN_STYLE = Automatic;
				COMBINE_HIDPI_IMAGES = YES;
				INFOPLIST_FILE = "ssh-askpass/Info.plist";
				LD_RUNPATH_SEARCH_PATHS = (
					"$(inherited)",
					"@executable_path/../Frameworks",
				);
				MACOSX_DEPLOYMENT_TARGET = 10.11;
				MARKETING_VERSION = 2.0;
				PRODUCT_BUNDLE_IDENTIFIER = "at.zronek.lukas.ssh-askpass";
				PRODUCT_NAME = "$(TARGET_NAME)";
				SWIFT_VERSION = 5.0;
			};
			name = Release;
		};
/* End XCBuildConfiguration section */

/* Begin XCConfigurationList section */
		80CD09E320D2A7400091E6DC /* Build configuration list for PBXProject "ssh-askpass" */ = {
			isa = XCConfigurationList;
			buildConfigurations = (
				80CD09F620D2A7410091E6DC /* Debug */,
				80CD09F720D2A7410091E6DC /* Release */,
			);
			defaultConfigurationIsVisible = 0;
			defaultConfigurationName = Release;
		};
		80CD09F820D2A7410091E6DC /* Build configuration list for PBXNativeTarget "ssh-askpass" */ = {
			isa = XCConfigurationList;
			buildConfigurations = (
				80CD09F920D2A7410091E6DC /* Debug */,
				80CD09FA20D2A7410091E6DC /* Release */,
			);
			defaultConfigurationIsVisible = 0;
			defaultConfigurationName = Release;
		};
/* End XCConfigurationList section */
	};
	rootObject = 80CD09E020D2A7400091E6DC /* Project object */;
}
